
Microsoft Visual Studio Solution File, Format Version 12.00
# Visual Studio Version 16
VisualStudioVersion = 16.0.32602.291
MinimumVisualStudioVersion = 10.0.40219.1
Project("{FAE04EC0-301F-11D3-BF4B-00C04F79EFBC}") = "SehirRehberi.API", "SehirRehberi.API\SehirRehberi.API.csproj", "{62195954-B242-4A2E-9817-083EB6334B63}"
EndProject
Global
	GlobalSection(SolutionConfigurationPlatforms) = preSolution
		Debug|Any CPU = Debug|Any CPU
		Release|Any CPU = Release|Any CPU
	EndGlobalSection
	GlobalSection(ProjectConfigurationPlatforms) = postSolution
		{62195954-B242-4A2E-9817-083EB6334B63}.Debug|Any CPU.ActiveCfg = Debug|Any CPU
		{62195954-B242-4A2E-9817-083EB6334B63}.Debug|Any CPU.Build.0 = Debug|Any CPU
		{62195954-B242-4A2E-9817-083EB6334B63}.Release|Any CPU.ActiveCfg = Release|Any CPU
		{62195954-B242-4A2E-9817-083EB6334B63}.Release|Any CPU.Build.0 = Release|Any CPU
	EndGlobalSection
	GlobalSection(SolutionProperties) = preSolution
		HideSolutionNode = FALSE
	EndGlobalSection
	GlobalSection(ExtensibilityGlobals) = postSolution
		SolutionGuid = {D4BE96A1-E820-4425-B7DE-85A7ABCC8502}
	EndGlobalSection
EndGlobal
